// !$*UTF8*$!
{
	archiveVersion = 1;
	classes = {
	};
	objectVersion = 50;
	objects = {

/* Begin PBXBuildFile section */
		75CDB80725E5C814000C114E /* AppDelegate.swift in Sources */ = {isa = PBXBuildFile; fileRef = 75CDB80625E5C814000C114E /* AppDelegate.swift */; };
		75CDB80925E5C814000C114E /* SceneDelegate.swift in Sources */ = {isa = PBXBuildFile; fileRef = 75CDB80825E5C814000C114E /* SceneDelegate.swift */; };
		75CDB80B25E5C814000C114E /* ViewController.swift in Sources */ = {isa = PBXBuildFile; fileRef = 75CDB80A25E5C814000C114E /* ViewController.swift */; };
		75CDB80E25E5C814000C114E /* Main.storyboard in Resources */ = {isa = PBXBuildFile; fileRef = 75CDB80C25E5C814000C114E /* Main.storyboard */; };
		75CDB81025E5C816000C114E /* Assets.xcassets in Resources */ = {isa = PBXBuildFile; fileRef = 75CDB80F25E5C816000C114E /* Assets.xcassets */; };
		75CDB81325E5C816000C114E /* LaunchScreen.storyboard in Resources */ = {isa = PBXBuildFile; fileRef = 75CDB81125E5C816000C114E /* LaunchScreen.storyboard */; };
		75CDB81E25E5C816000C114E /* photo_gridTests.swift in Sources */ = {isa = PBXBuildFile; fileRef = 75CDB81D25E5C816000C114E /* photo_gridTests.swift */; };
		75CDB82925E5C817000C114E /* photo_gridUITests.swift in Sources */ = {isa = PBXBuildFile; fileRef = 75CDB82825E5C817000C114E /* photo_gridUITests.swift */; };
/* End PBXBuildFile section */

/* Begin PBXContainerItemProxy section */
		75CDB81A25E5C816000C114E /* PBXContainerItemProxy */ = {
			isa = PBXContainerItemProxy;
			containerPortal = 75CDB7FB25E5C814000C114E /* Project object */;
			proxyType = 1;
			remoteGlobalIDString = 75CDB80225E5C814000C114E;
			remoteInfo = "photo-grid";
		};
		75CDB82525E5C817000C114E /* PBXContainerItemProxy */ = {
			isa = PBXContainerItemProxy;
			containerPortal = 75CDB7FB25E5C814000C114E /* Project object */;
			proxyType = 1;
			remoteGlobalIDString = 75CDB80225E5C814000C114E;
			remoteInfo = "photo-grid";
		};
/* End PBXContainerItemProxy section */

/* Begin PBXFileReference section */
		75CDB80325E5C814000C114E /* photo-grid.app */ = {isa = PBXFileReference; explicitFileType = wrapper.application; includeInIndex = 0; path = "photo-grid.app"; sourceTree = BUILT_PRODUCTS_DIR; };
		75CDB80625E5C814000C114E /* AppDelegate.swift */ = {isa = PBXFileReference; lastKnownFileType = sourcecode.swift; path = AppDelegate.swift; sourceTree = "<group>"; };
		75CDB80825E5C814000C114E /* SceneDelegate.swift */ = {isa = PBXFileReference; lastKnownFileType = sourcecode.swift; path = SceneDelegate.swift; sourceTree = "<group>"; };
		75CDB80A25E5C814000C114E /* ViewController.swift */ = {isa = PBXFileReference; lastKnownFileType = sourcecode.swift; path = ViewController.swift; sourceTree = "<group>"; };
		75CDB80D25E5C814000C114E /* Base */ = {isa = PBXFileReference; lastKnownFileType = file.storyboard; name = Base; path = Base.lproj/Main.storyboard; sourceTree = "<group>"; };
		75CDB80F25E5C816000C114E /* Assets.xcassets */ = {isa = PBXFileReference; lastKnownFileType = folder.assetcatalog; path = Assets.xcassets; sourceTree = "<group>"; };
		75CDB81225E5C816000C114E /* Base */ = {isa = PBXFileReference; lastKnownFileType = file.storyboard; name = Base; path = Base.lproj/LaunchScreen.storyboard; sourceTree = "<group>"; };
		75CDB81425E5C816000C114E /* Info.plist */ = {isa = PBXFileReference; lastKnownFileType = text.plist.xml; path = Info.plist; sourceTree = "<group>"; };
		75CDB81925E5C816000C114E /* photo-gridTests.xctest */ = {isa = PBXFileReference; explicitFileType = wrapper.cfbundle; includeInIndex = 0; path = "photo-gridTests.xctest"; sourceTree = BUILT_PRODUCTS_DIR; };
		75CDB81D25E5C816000C114E /* photo_gridTests.swift */ = {isa = PBXFileReference; lastKnownFileType = sourcecode.swift; path = photo_gridTests.swift; sourceTree = "<group>"; };
		75CDB81F25E5C816000C114E /* Info.plist */ = {isa = PBXFileReference; lastKnownFileType = text.plist.xml; path = Info.plist; sourceTree = "<group>"; };
		75CDB82425E5C817000C114E /* photo-gridUITests.xctest */ = {isa = PBXFileReference; explicitFileType = wrapper.cfbundle; includeInIndex = 0; path = "photo-gridUITests.xctest"; sourceTree = BUILT_PRODUCTS_DIR; };
		75CDB82825E5C817000C114E /* photo_gridUITests.swift */ = {isa = PBXFileReference; lastKnownFileType = sourcecode.swift; path = photo_gridUITests.swift; sourceTree = "<group>"; };
		75CDB82A25E5C817000C114E /* Info.plist */ = {isa = PBXFileReference; lastKnownFileType = text.plist.xml; path = Info.plist; sourceTree = "<group>"; };
/* End PBXFileReference section */

/* Begin PBXFrameworksBuildPhase section */
		75CDB80025E5C814000C114E /* Frameworks */ = {
			isa = PBXFrameworksBuildPhase;
			buildActionMask = 2147483647;
			files = (
			);
			runOnlyForDeploymentPostprocessing = 0;
		};
		75CDB81625E5C816000C114E /* Frameworks */ = {
			isa = PBXFrameworksBuildPhase;
			buildActionMask = 2147483647;
			files = (
			);
			runOnlyForDeploymentPostprocessing = 0;
		};
		75CDB82125E5C817000C114E /* Frameworks */ = {
			isa = PBXFrameworksBuildPhase;
			buildActionMask = 2147483647;
			files = (
			);
			runOnlyForDeploymentPostprocessing = 0;
		};
/* End PBXFrameworksBuildPhase section */

/* Begin PBXGroup section */
		75CDB7FA25E5C814000C114E = {
			isa = PBXGroup;
			children = (
				75CDB80525E5C814000C114E /* photo-grid */,
				75CDB81C25E5C816000C114E /* photo-gridTests */,
				75CDB82725E5C817000C114E /* photo-gridUITests */,
				75CDB80425E5C814000C114E /* Products */,
			);
			sourceTree = "<group>";
		};
		75CDB80425E5C814000C114E /* Products */ = {
			isa = PBXGroup;
			children = (
				75CDB80325E5C814000C114E /* photo-grid.app */,
				75CDB81925E5C816000C114E /* photo-gridTests.xctest */,
				75CDB82425E5C817000C114E /* photo-gridUITests.xctest */,
			);
			name = Products;
			sourceTree = "<group>";
		};
		75CDB80525E5C814000C114E /* photo-grid */ = {
			isa = PBXGroup;
			children = (
				75CDB80625E5C814000C114E /* AppDelegate.swift */,
				75CDB80825E5C814000C114E /* SceneDelegate.swift */,
				75CDB80A25E5C814000C114E /* ViewController.swift */,
				75CDB80C25E5C814000C114E /* Main.storyboard */,
				75CDB80F25E5C816000C114E /* Assets.xcassets */,
				75CDB81125E5C816000C114E /* LaunchScreen.storyboard */,
				75CDB81425E5C816000C114E /* Info.plist */,
			);
			path = "photo-grid";
			sourceTree = "<group>";
		};
		75CDB81C25E5C816000C114E /* photo-gridTests */ = {
			isa = PBXGroup;
			children = (
				75CDB81D25E5C816000C114E /* photo_gridTests.swift */,
				75CDB81F25E5C816000C114E /* Info.plist */,
			);
			path = "photo-gridTests";
			sourceTree = "<group>";
		};
		75CDB82725E5C817000C114E /* photo-gridUITests */ = {
			isa = PBXGroup;
			children = (
				75CDB82825E5C817000C114E /* photo_gridUITests.swift */,
				75CDB82A25E5C817000C114E /* Info.plist */,
			);
			path = "photo-gridUITests";
			sourceTree = "<group>";
		};
/* End PBXGroup section */

/* Begin PBXNativeTarget section */
		75CDB80225E5C814000C114E /* photo-grid */ = {
			isa = PBXNativeTarget;
			buildConfigurationList = 75CDB82D25E5C817000C114E /* Build configuration list for PBXNativeTarget "photo-grid" */;
			buildPhases = (
				75CDB7FF25E5C814000C114E /* Sources */,
				75CDB80025E5C814000C114E /* Frameworks */,
				75CDB80125E5C814000C114E /* Resources */,
			);
			buildRules = (
			);
			dependencies = (
			);
			name = "photo-grid";
			productName = "photo-grid";
			productReference = 75CDB80325E5C814000C114E /* photo-grid.app */;
			productType = "com.apple.product-type.application";
		};
		75CDB81825E5C816000C114E /* photo-gridTests */ = {
			isa = PBXNativeTarget;
			buildConfigurationList = 75CDB83025E5C817000C114E /* Build configuration list for PBXNativeTarget "photo-gridTests" */;
			buildPhases = (
				75CDB81525E5C816000C114E /* Sources */,
				75CDB81625E5C816000C114E /* Frameworks */,
				75CDB81725E5C816000C114E /* Resources */,
			);
			buildRules = (
			);
			dependencies = (
				75CDB81B25E5C816000C114E /* PBXTargetDependency */,
			);
			name = "photo-gridTests";
			productName = "photo-gridTests";
			productReference = 75CDB81925E5C816000C114E /* photo-gridTests.xctest */;
			productType = "com.apple.product-type.bundle.unit-test";
		};
		75CDB82325E5C817000C114E /* photo-gridUITests */ = {
			isa = PBXNativeTarget;
			buildConfigurationList = 75CDB83325E5C817000C114E /* Build configuration list for PBXNativeTarget "photo-gridUITests" */;
			buildPhases = (
				75CDB82025E5C817000C114E /* Sources */,
				75CDB82125E5C817000C114E /* Frameworks */,
				75CDB82225E5C817000C114E /* Resources */,
			);
			buildRules = (
			);
			dependencies = (
				75CDB82625E5C817000C114E /* PBXTargetDependency */,
			);
			name = "photo-gridUITests";
			productName = "photo-gridUITests";
			productReference = 75CDB82425E5C817000C114E /* photo-gridUITests.xctest */;
			productType = "com.apple.product-type.bundle.ui-testing";
		};
/* End PBXNativeTarget section */

/* Begin PBXProject section */
		75CDB7FB25E5C814000C114E /* Project object */ = {
			isa = PBXProject;
			attributes = {
				LastSwiftUpdateCheck = 1240;
				LastUpgradeCheck = 1240;
				TargetAttributes = {
					75CDB80225E5C814000C114E = {
						CreatedOnToolsVersion = 12.4;
					};
					75CDB81825E5C816000C114E = {
						CreatedOnToolsVersion = 12.4;
						TestTargetID = 75CDB80225E5C814000C114E;
					};
					75CDB82325E5C817000C114E = {
						CreatedOnToolsVersion = 12.4;
						TestTargetID = 75CDB80225E5C814000C114E;
					};
				};
			};
			buildConfigurationList = 75CDB7FE25E5C814000C114E /* Build configuration list for PBXProject "photo-grid" */;
			compatibilityVersion = "Xcode 9.3";
			developmentRegion = en;
			hasScannedForEncodings = 0;
			knownRegions = (
				en,
				Base,
			);
			mainGroup = 75CDB7FA25E5C814000C114E;
			productRefGroup = 75CDB80425E5C814000C114E /* Products */;
			projectDirPath = "";
			projectRoot = "";
			targets = (
				75CDB80225E5C814000C114E /* photo-grid */,
				75CDB81825E5C816000C114E /* photo-gridTests */,
				75CDB82325E5C817000C114E /* photo-gridUITests */,
			);
		};
/* End PBXProject section */

/* Begin PBXResourcesBuildPhase section */
		75CDB80125E5C814000C114E /* Resources */ = {
			isa = PBXResourcesBuildPhase;
			buildActionMask = 2147483647;
			files = (
				75CDB81325E5C816000C114E /* LaunchScreen.storyboard in Resources */,
				75CDB81025E5C816000C114E /* Assets.xcassets in Resources */,
				75CDB80E25E5C814000C114E /* Main.storyboard in Resources */,
			);
			runOnlyForDeploymentPostprocessing = 0;
		};
		75CDB81725E5C816000C114E /* Resources */ = {
			isa = PBXResourcesBuildPhase;
			buildActionMask = 2147483647;
			files = (
			);
			runOnlyForDeploymentPostprocessing = 0;
		};
		75CDB82225E5C817000C114E /* Resources */ = {
			isa = PBXResourcesBuildPhase;
			buildActionMask = 2147483647;
			files = (
			);
			runOnlyForDeploymentPostprocessing = 0;
		};
/* End PBXResourcesBuildPhase section */

/* Begin PBXSourcesBuildPhase section */
		75CDB7FF25E5C814000C114E /* Sources */ = {
			isa = PBXSourcesBuildPhase;
			buildActionMask = 2147483647;
			files = (
				75CDB80B25E5C814000C114E /* ViewController.swift in Sources */,
				75CDB80725E5C814000C114E /* AppDelegate.swift in Sources */,
				75CDB80925E5C814000C114E /* SceneDelegate.swift in Sources */,
			);
			runOnlyForDeploymentPostprocessing = 0;
		};
		75CDB81525E5C816000C114E /* Sources */ = {
			isa = PBXSourcesBuildPhase;
			buildActionMask = 2147483647;
			files = (
				75CDB81E25E5C816000C114E /* photo_gridTests.swift in Sources */,
			);
			runOnlyForDeploymentPostprocessing = 0;
		};
		75CDB82025E5C817000C114E /* Sources */ = {
			isa = PBXSourcesBuildPhase;
			buildActionMask = 2147483647;
			files = (
				75CDB82925E5C817000C114E /* photo_gridUITests.swift in Sources */,
			);
			runOnlyForDeploymentPostprocessing = 0;
		};
/* End PBXSourcesBuildPhase section */

/* Begin PBXTargetDependency section */
		75CDB81B25E5C816000C114E /* PBXTargetDependency */ = {
			isa = PBXTargetDependency;
			target = 75CDB80225E5C814000C114E /* photo-grid */;
			targetProxy = 75CDB81A25E5C816000C114E /* PBXContainerItemProxy */;
		};
		75CDB82625E5C817000C114E /* PBXTargetDependency */ = {
			isa = PBXTargetDependency;
			target = 75CDB80225E5C814000C114E /* photo-grid */;
			targetProxy = 75CDB82525E5C817000C114E /* PBXContainerItemProxy */;
		};
/* End PBXTargetDependency section */

/* Begin PBXVariantGroup section */
		75CDB80C25E5C814000C114E /* Main.storyboard */ = {
			isa = PBXVariantGroup;
			children = (
				75CDB80D25E5C814000C114E /* Base */,
			);
			name = Main.storyboard;
			sourceTree = "<group>";
		};
		75CDB81125E5C816000C114E /* LaunchScreen.storyboard */ = {
			isa = PBXVariantGroup;
			children = (
				75CDB81225E5C816000C114E /* Base */,
			);
			name = LaunchScreen.storyboard;
			sourceTree = "<group>";
		};
/* End PBXVariantGroup section */

/* Begin XCBuildConfiguration section */
		75CDB82B25E5C817000C114E /* Debug */ = {
			isa = XCBuildConfiguration;
			buildSettings = {
				ALWAYS_SEARCH_USER_PATHS = NO;
				CLANG_ANALYZER_NONNULL = YES;
				CLANG_ANALYZER_NUMBER_OBJECT_CONVERSION = YES_AGGRESSIVE;
				CLANG_CXX_LANGUAGE_STANDARD = "gnu++14";
				CLANG_CXX_LIBRARY = "libc++";
				CLANG_ENABLE_MODULES = YES;
				CLANG_ENABLE_OBJC_ARC = YES;
				CLANG_ENABLE_OBJC_WEAK = YES;
				CLANG_WARN_BLOCK_CAPTURE_AUTORELEASING = YES;
				CLANG_WARN_BOOL_CONVERSION = YES;
				CLANG_WARN_COMMA = YES;
				CLANG_WARN_CONSTANT_CONVERSION = YES;
				CLANG_WARN_DEPRECATED_OBJC_IMPLEMENTATIONS = YES;
				CLANG_WARN_DIRECT_OBJC_ISA_USAGE = YES_ERROR;
				CLANG_WARN_DOCUMENTATION_COMMENTS = YES;
				CLANG_WARN_EMPTY_BODY = YES;
				CLANG_WARN_ENUM_CONVERSION = YES;
				CLANG_WARN_INFINITE_RECURSION = YES;
				CLANG_WARN_INT_CONVERSION = YES;
				CLANG_WARN_NON_LITERAL_NULL_CONVERSION = YES;
				CLANG_WARN_OBJC_IMPLICIT_RETAIN_SELF = YES;
				CLANG_WARN_OBJC_LITERAL_CONVERSION = YES;
				CLANG_WARN_OBJC_ROOT_CLASS = YES_ERROR;
				CLANG_WARN_QUOTED_INCLUDE_IN_FRAMEWORK_HEADER = YES;
				CLANG_WARN_RANGE_LOOP_ANALYSIS = YES;
				CLANG_WARN_STRICT_PROTOTYPES = YES;
				CLANG_WARN_SUSPICIOUS_MOVE = YES;
				CLANG_WARN_UNGUARDED_AVAILABILITY = YES_AGGRESSIVE;
				CLANG_WARN_UNREACHABLE_CODE = YES;
				CLANG_WARN__DUPLICATE_METHOD_MATCH = YES;
				COPY_PHASE_STRIP = NO;
				DEBUG_INFORMATION_FORMAT = dwarf;
				ENABLE_STRICT_OBJC_MSGSEND = YES;
				ENABLE_TESTABILITY = YES;
				GCC_C_LANGUAGE_STANDARD = gnu11;
				GCC_DYNAMIC_NO_PIC = NO;
				GCC_NO_COMMON_BLOCKS = YES;
				GCC_OPTIMIZATION_LEVEL = 0;
				GCC_PREPROCESSOR_DEFINITIONS = (
					"DEBUG=1",
					"$(inherited)",
				);
				GCC_WARN_64_TO_32_BIT_CONVERSION = YES;
				GCC_WARN_ABOUT_RETURN_TYPE = YES_ERROR;
				GCC_WARN_UNDECLARED_SELECTOR = YES;
				GCC_WARN_UNINITIALIZED_AUTOS = YES_AGGRESSIVE;
				GCC_WARN_UNUSED_FUNCTION = YES;
				GCC_WARN_UNUSED_VARIABLE = YES;
				IPHONEOS_DEPLOYMENT_TARGET = 14.4;
				MTL_ENABLE_DEBUG_INFO = INCLUDE_SOURCE;
				MTL_FAST_MATH = YES;
				ONLY_ACTIVE_ARCH = YES;
				SDKROOT = iphoneos;
				SWIFT_ACTIVE_COMPILATION_CONDITIONS = DEBUG;
				SWIFT_OPTIMIZATION_LEVEL = "-Onone";
			};
			name = Debug;
		};
		75CDB82C25E5C817000C114E /* Release */ = {
			isa = XCBuildConfiguration;
			buildSettings = {
				ALWAYS_SEARCH_USER_PATHS = NO;
				CLANG_ANALYZER_NONNULL = YES;
				CLANG_ANALYZER_NUMBER_OBJECT_CONVERSION = YES_AGGRESSIVE;
				CLANG_CXX_LANGUAGE_STANDARD = "gnu++14";
				CLANG_CXX_LIBRARY = "libc++";
				CLANG_ENABLE_MODULES = YES;
				CLANG_ENABLE_OBJC_ARC = YES;
				CLANG_ENABLE_OBJC_WEAK = YES;
				CLANG_WARN_BLOCK_CAPTURE_AUTORELEASING = YES;
				CLANG_WARN_BOOL_CONVERSION = YES;
				CLANG_WARN_COMMA = YES;
				CLANG_WARN_CONSTANT_CONVERSION = YES;
				CLANG_WARN_DEPRECATED_OBJC_IMPLEMENTATIONS = YES;
				CLANG_WARN_DIRECT_OBJC_ISA_USAGE = YES_ERROR;
				CLANG_WARN_DOCUMENTATION_COMMENTS = YES;
				CLANG_WARN_EMPTY_BODY = YES;
				CLANG_WARN_ENUM_CONVERSION = YES;
				CLANG_WARN_INFINITE_RECURSION = YES;
				CLANG_WARN_INT_CONVERSION = YES;
				CLANG_WARN_NON_LITERAL_NULL_CONVERSION = YES;
				CLANG_WARN_OBJC_IMPLICIT_RETAIN_SELF = YES;
				CLANG_WARN_OBJC_LITERAL_CONVERSION = YES;
				CLANG_WARN_OBJC_ROOT_CLASS = YES_ERROR;
				CLANG_WARN_QUOTED_INCLUDE_IN_FRAMEWORK_HEADER = YES;
				CLANG_WARN_RANGE_LOOP_ANALYSIS = YES;
				CLANG_WARN_STRICT_PROTOTYPES = YES;
				CLANG_WARN_SUSPICIOUS_MOVE = YES;
				CLANG_WARN_UNGUARDED_AVAILABILITY = YES_AGGRESSIVE;
				CLANG_WARN_UNREACHABLE_CODE = YES;
				CLANG_WARN__DUPLICATE_METHOD_MATCH = YES;
				COPY_PHASE_STRIP = NO;
				DEBUG_INFORMATION_FORMAT = "dwarf-with-dsym";
				ENABLE_NS_ASSERTIONS = NO;
				ENABLE_STRICT_OBJC_MSGSEND = YES;
				GCC_C_LANGUAGE_STANDARD = gnu11;
				GCC_NO_COMMON_BLOCKS = YES;
				GCC_WARN_64_TO_32_BIT_CONVERSION = YES;
				GCC_WARN_ABOUT_RETURN_TYPE = YES_ERROR;
				GCC_WARN_UNDECLARED_SELECTOR = YES;
				GCC_WARN_UNINITIALIZED_AUTOS = YES_AGGRESSIVE;
				GCC_WARN_UNUSED_FUNCTION = YES;
				GCC_WARN_UNUSED_VARIABLE = YES;
				IPHONEOS_DEPLOYMENT_TARGET = 14.4;
				MTL_ENABLE_DEBUG_INFO = NO;
				MTL_FAST_MATH = YES;
				SDKROOT = iphoneos;
				SWIFT_COMPILATION_MODE = wholemodule;
				SWIFT_OPTIMIZATION_LEVEL = "-O";
				VALIDATE_PRODUCT = YES;
			};
			name = Release;
		};
		75CDB82E25E5C817000C114E /* Debug */ = {
			isa = XCBuildConfiguration;
			buildSettings = {
				ASSETCATALOG_COMPILER_APPICON_NAME = AppIcon;
				ASSETCATALOG_COMPILER_GLOBAL_ACCENT_COLOR_NAME = AccentColor;
				CODE_SIGN_STYLE = Automatic;
				DEVELOPMENT_TEAM = 8KR33X63ZD;
				INFOPLIST_FILE = "photo-grid/Info.plist";
				LD_RUNPATH_SEARCH_PATHS = (
					"$(inherited)",
					"@executable_path/Frameworks",
				);
				PRODUCT_BUNDLE_IDENTIFIER = "com.bruno-duarte.photo-grid";
				PRODUCT_NAME = "$(TARGET_NAME)";
				SWIFT_VERSION = 5.0;
				TARGETED_DEVICE_FAMILY = "1,2";
			};
			name = Debug;
		};
		75CDB82F25E5C817000C114E /* Release */ = {
			isa = XCBuildConfiguration;
			buildSettings = {
				ASSETCATALOG_COMPILER_APPICON_NAME = AppIcon;
				ASSETCATALOG_COMPILER_GLOBAL_ACCENT_COLOR_NAME = AccentColor;
				CODE_SIGN_STYLE = Automatic;
				DEVELOPMENT_TEAM = 8KR33X63ZD;
				INFOPLIST_FILE = "photo-grid/Info.plist";
				LD_RUNPATH_SEARCH_PATHS = (
					"$(inherited)",
					"@executable_path/Frameworks",
				);
				PRODUCT_BUNDLE_IDENTIFIER = "com.bruno-duarte.photo-grid";
				PRODUCT_NAME = "$(TARGET_NAME)";
				SWIFT_VERSION = 5.0;
				TARGETED_DEVICE_FAMILY = "1,2";
			};
			name = Release;
		};
		75CDB83125E5C817000C114E /* Debug */ = {
			isa = XCBuildConfiguration;
			buildSettings = {
				ALWAYS_EMBED_SWIFT_STANDARD_LIBRARIES = YES;
				BUNDLE_LOADER = "$(TEST_HOST)";
				CODE_SIGN_STYLE = Automatic;
				DEVELOPMENT_TEAM = 8KR33X63ZD;
				INFOPLIST_FILE = "photo-gridTests/Info.plist";
				IPHONEOS_DEPLOYMENT_TARGET = 14.4;
				LD_RUNPATH_SEARCH_PATHS = (
					"$(inherited)",
					"@executable_path/Frameworks",
					"@loader_path/Frameworks",
				);
				PRODUCT_BUNDLE_IDENTIFIER = "com.bruno-duarte.photo-gridTests";
				PRODUCT_NAME = "$(TARGET_NAME)";
				SWIFT_VERSION = 5.0;
				TARGETED_DEVICE_FAMILY = "1,2";
				TEST_HOST = "$(BUILT_PRODUCTS_DIR)/photo-grid.app/photo-grid";
			};
			name = Debug;
		};
		75CDB83225E5C817000C114E /* Release */ = {
			isa = XCBuildConfiguration;
			buildSettings = {
				ALWAYS_EMBED_SWIFT_STANDARD_LIBRARIES = YES;
				BUNDLE_LOADER = "$(TEST_HOST)";
				CODE_SIGN_STYLE = Automatic;
				DEVELOPMENT_TEAM = 8KR33X63ZD;
				INFOPLIST_FILE = "photo-gridTests/Info.plist";
				IPHONEOS_DEPLOYMENT_TARGET = 14.4;
				LD_RUNPATH_SEARCH_PATHS = (
					"$(inherited)",
					"@executable_path/Frameworks",
					"@loader_path/Frameworks",
				);
				PRODUCT_BUNDLE_IDENTIFIER = "com.bruno-duarte.photo-gridTests";
				PRODUCT_NAME = "$(TARGET_NAME)";
				SWIFT_VERSION = 5.0;
				TARGETED_DEVICE_FAMILY = "1,2";
				TEST_HOST = "$(BUILT_PRODUCTS_DIR)/photo-grid.app/photo-grid";
			};
			name = Release;
		};
		75CDB83425E5C817000C114E /* Debug */ = {
			isa = XCBuildConfiguration;
			buildSettings = {
				ALWAYS_EMBED_SWIFT_STANDARD_LIBRARIES = YES;
				CODE_SIGN_STYLE = Automatic;
				DEVELOPMENT_TEAM = 8KR33X63ZD;
				INFOPLIST_FILE = "photo-gridUITests/Info.plist";
				LD_RUNPATH_SEARCH_PATHS = (
					"$(inherited)",
					"@executable_path/Frameworks",
					"@loader_path/Frameworks",
				);
				PRODUCT_BUNDLE_IDENTIFIER = "com.bruno-duarte.photo-gridUITests";
				PRODUCT_NAME = "$(TARGET_NAME)";
				SWIFT_VERSION = 5.0;
				TARGETED_DEVICE_FAMILY = "1,2";
				TEST_TARGET_NAME = "photo-grid";
			};
			name = Debug;
		};
		75CDB83525E5C817000C114E /* Release */ = {
			isa = XCBuildConfiguration;
			buildSettings = {
				ALWAYS_EMBED_SWIFT_STANDARD_LIBRARIES = YES;
				CODE_SIGN_STYLE = Automatic;
				DEVELOPMENT_TEAM = 8KR33X63ZD;
				INFOPLIST_FILE = "photo-gridUITests/Info.plist";
				LD_RUNPATH_SEARCH_PATHS = (
					"$(inherited)",
					"@executable_path/Frameworks",
					"@loader_path/Frameworks",
				);
				PRODUCT_BUNDLE_IDENTIFIER = "com.bruno-duarte.photo-gridUITests";
				PRODUCT_NAME = "$(TARGET_NAME)";
				SWIFT_VERSION = 5.0;
				TARGETED_DEVICE_FAMILY = "1,2";
				TEST_TARGET_NAME = "photo-grid";
			};
			name = Release;
		};
/* End XCBuildConfiguration section */

/* Begin XCConfigurationList section */
		75CDB7FE25E5C814000C114E /* Build configuration list for PBXProject "photo-grid" */ = {
			isa = XCConfigurationList;
			buildConfigurations = (
				75CDB82B25E5C817000C114E /* Debug */,
				75CDB82C25E5C817000C114E /* Release */,
			);
			defaultConfigurationIsVisible = 0;
			defaultConfigurationName = Release;
		};
		75CDB82D25E5C817000C114E /* Build configuration list for PBXNativeTarget "photo-grid" */ = {
			isa = XCConfigurationList;
			buildConfigurations = (
				75CDB82E25E5C817000C114E /* Debug */,
				75CDB82F25E5C817000C114E /* Release */,
			);
			defaultConfigurationIsVisible = 0;
			defaultConfigurationName = Release;
		};
		75CDB83025E5C817000C114E /* Build configuration list for PBXNativeTarget "photo-gridTests" */ = {
			isa = XCConfigurationList;
			buildConfigurations = (
				75CDB83125E5C817000C114E /* Debug */,
				75CDB83225E5C817000C114E /* Release */,
			);
			defaultConfigurationIsVisible = 0;
			defaultConfigurationName = Release;
		};
		75CDB83325E5C817000C114E /* Build configuration list for PBXNativeTarget "photo-gridUITests" */ = {
			isa = XCConfigurationList;
			buildConfigurations = (
				75CDB83425E5C817000C114E /* Debug */,
				75CDB83525E5C817000C114E /* Release */,
			);
			defaultConfigurationIsVisible = 0;
			defaultConfigurationName = Release;
		};
/* End XCConfigurationList section */
	};
	rootObject = 75CDB7FB25E5C814000C114E /* Project object */;
}
